
Microsoft Visual Studio Solution File, Format Version 12.00
# Visual Studio Version 17
VisualStudioVersion = 17.13.35931.197 d17.13
MinimumVisualStudioVersion = 10.0.40219.1
Project("{FAE04EC0-301F-11D3-BF4B-00C04F79EFBC}") = "Dataverse.ConfigurationMigrationTool.Console", "Dataverse.ConfigurationMigrationTool.Console\Dataverse.ConfigurationMigrationTool.Console.csproj", "{2ACD72C0-FED0-4635-ADF6-E89137496A6C}"
EndProject
Global
	GlobalSection(SolutionConfigurationPlatforms) = preSolution
		Debug|Any CPU = Debug|Any CPU
		Release|Any CPU = Release|Any CPU
	EndGlobalSection
	GlobalSection(ProjectConfigurationPlatforms) = postSolution
		{2ACD72C0-FED0-4635-ADF6-E89137496A6C}.Debug|Any CPU.ActiveCfg = Debug|Any CPU
		{2ACD72C0-FED0-4635-ADF6-E89137496A6C}.Debug|Any CPU.Build.0 = Debug|Any CPU
		{2ACD72C0-FED0-4635-ADF6-E89137496A6C}.Release|Any CPU.ActiveCfg = Release|Any CPU
		{2ACD72C0-FED0-4635-ADF6-E89137496A6C}.Release|Any CPU.Build.0 = Release|Any CPU
	EndGlobalSection
	GlobalSection(SolutionProperties) = preSolution
		HideSolutionNode = FALSE
	EndGlobalSection
	GlobalSection(ExtensibilityGlobals) = postSolution
		SolutionGuid = {8868BF08-9FF6-49A7-8B37-2E43CD9BDF70}
	EndGlobalSection
EndGlobal
